
Microsoft Visual Studio Solution File, Format Version 12.00
# Visual Studio 15
VisualStudioVersion = 15.0.28307.106
MinimumVisualStudioVersion = 10.0.40219.1
Project("{9A19103F-16F7-4668-BE54-9A1E7A4F7556}") = "Day01", "Day01\Day01.csproj", "{F078CDFD-066D-4B52-8850-053F01501A10}"
EndProject
Project("{9A19103F-16F7-4668-BE54-9A1E7A4F7556}") = "Day02", "Day02\Day02.csproj", "{AAED3918-8751-43A6-9D69-201851C8496E}"
EndProject
Project("{9A19103F-16F7-4668-BE54-9A1E7A4F7556}") = "Day03", "Day03\Day03.csproj", "{52F42E86-D5A0-489F-9200-9B03584CEA7D}"
EndProject
Project("{9A19103F-16F7-4668-BE54-9A1E7A4F7556}") = "Day04", "Day04\Day04.csproj", "{84812C41-4F62-41CD-B098-05EE7483730D}"
EndProject
Project("{FAE04EC0-301F-11D3-BF4B-00C04F79EFBC}") = "Day05", "Day05\Day05.csproj", "{00BBECAD-EA23-4B16-B3A3-1EA907032AD2}"
EndProject
Project("{FAE04EC0-301F-11D3-BF4B-00C04F79EFBC}") = "Day06", "Day06\Day06.csproj", "{69D55173-CCBF-4B17-8B1C-F9ED416B6347}"
EndProject
Project("{FAE04EC0-301F-11D3-BF4B-00C04F79EFBC}") = "Day07", "Day07\Day07.csproj", "{C689B1DE-E208-4251-8781-C7628595AE1F}"
EndProject
Project("{FAE04EC0-301F-11D3-BF4B-00C04F79EFBC}") = "Day08", "Day08\Day08.csproj", "{39C8A818-905C-4F76-8CBE-9C6C9500309A}"
EndProject
Project("{FAE04EC0-301F-11D3-BF4B-00C04F79EFBC}") = "Day09", "Day09\Day09.csproj", "{85FF0585-3119-414C-8D86-6DC2B6019AD8}"
EndProject
Project("{FAE04EC0-301F-11D3-BF4B-00C04F79EFBC}") = "Day10", "Day10\Day10.csproj", "{82882951-73BC-461A-B0EA-05FB8FB0A9F8}"
EndProject
Project("{FAE04EC0-301F-11D3-BF4B-00C04F79EFBC}") = "Day11", "Day11\Day11.csproj", "{35A86B2B-9A9E-48FC-9939-43A721812C5E}"
EndProject
Project("{FAE04EC0-301F-11D3-BF4B-00C04F79EFBC}") = "Day12", "Day12\Day12.csproj", "{3FFDC10C-4D8E-4AE4-B0FB-A4E7E89A53AA}"
EndProject
Project("{FAE04EC0-301F-11D3-BF4B-00C04F79EFBC}") = "Day13", "Day13\Day13.csproj", "{9F15D244-B839-42A2-A555-0423D93F4A2C}"
EndProject
Project("{FAE04EC0-301F-11D3-BF4B-00C04F79EFBC}") = "Day14", "Day14\Day14.csproj", "{F4604888-2190-4C02-AE15-B5C4304466B8}"
EndProject
Project("{FAE04EC0-301F-11D3-BF4B-00C04F79EFBC}") = "Day15", "Day15\Day15.csproj", "{4341EED4-CE00-489E-8B35-9C1D2AF3C8B8}"
EndProject
Project("{FAE04EC0-301F-11D3-BF4B-00C04F79EFBC}") = "Day16", "Day16\Day16.csproj", "{C957D4C9-D07B-4EEA-997C-A770DB81B463}"
EndProject
Project("{FAE04EC0-301F-11D3-BF4B-00C04F79EFBC}") = "Day17", "Day17\Day17.csproj", "{E68636B4-D67F-40B7-9E4F-9C48E96D3ABE}"
EndProject
Project("{FAE04EC0-301F-11D3-BF4B-00C04F79EFBC}") = "Day18", "Day18\Day18.csproj", "{CA6C1B74-53E3-4C41-91E0-B996732EF1A0}"
EndProject
Project("{FAE04EC0-301F-11D3-BF4B-00C04F79EFBC}") = "Day19", "Day19\Day19.csproj", "{CC4D316E-79BB-47F5-BAE8-988C3F377283}"
EndProject
Project("{FAE04EC0-301F-11D3-BF4B-00C04F79EFBC}") = "Day20", "Day20\Day20.csproj", "{B26B62E7-FE51-4327-A39D-FDC9DC602C37}"
EndProject
Project("{FAE04EC0-301F-11D3-BF4B-00C04F79EFBC}") = "Day21", "Day21\Day21.csproj", "{2E48F73A-E932-4FE9-8467-A74D22C3D799}"
EndProject
Project("{FAE04EC0-301F-11D3-BF4B-00C04F79EFBC}") = "Day22", "Day22\Day22.csproj", "{9F99AF97-478D-4E8A-99E9-C8A0D353679D}"
EndProject
Project("{FAE04EC0-301F-11D3-BF4B-00C04F79EFBC}") = "Day23", "Day23\Day23.csproj", "{FA687BAA-C740-4C1C-85F4-435004E0DF63}"
EndProject
Project("{FAE04EC0-301F-11D3-BF4B-00C04F79EFBC}") = "Day24", "Day24\Day24.csproj", "{7EF4DB06-7DE1-4753-A810-7D0B2E7B54CB}"
EndProject
Project("{FAE04EC0-301F-11D3-BF4B-00C04F79EFBC}") = "Day25", "Day25\Day25.csproj", "{B04AB88D-C126-49B9-A2CE-FFFEF8E2FF2D}"
EndProject
Global
	GlobalSection(SolutionConfigurationPlatforms) = preSolution
		Debug|Any CPU = Debug|Any CPU
		Release|Any CPU = Release|Any CPU
	EndGlobalSection
	GlobalSection(ProjectConfigurationPlatforms) = postSolution
		{F078CDFD-066D-4B52-8850-053F01501A10}.Debug|Any CPU.ActiveCfg = Debug|Any CPU
		{F078CDFD-066D-4B52-8850-053F01501A10}.Debug|Any CPU.Build.0 = Debug|Any CPU
		{F078CDFD-066D-4B52-8850-053F01501A10}.Release|Any CPU.ActiveCfg = Release|Any CPU
		{F078CDFD-066D-4B52-8850-053F01501A10}.Release|Any CPU.Build.0 = Release|Any CPU
		{AAED3918-8751-43A6-9D69-201851C8496E}.Debug|Any CPU.ActiveCfg = Debug|Any CPU
		{AAED3918-8751-43A6-9D69-201851C8496E}.Debug|Any CPU.Build.0 = Debug|Any CPU
		{AAED3918-8751-43A6-9D69-201851C8496E}.Release|Any CPU.ActiveCfg = Release|Any CPU
		{AAED3918-8751-43A6-9D69-201851C8496E}.Release|Any CPU.Build.0 = Release|Any CPU
		{52F42E86-D5A0-489F-9200-9B03584CEA7D}.Debug|Any CPU.ActiveCfg = Debug|Any CPU
		{52F42E86-D5A0-489F-9200-9B03584CEA7D}.Debug|Any CPU.Build.0 = Debug|Any CPU
		{52F42E86-D5A0-489F-9200-9B03584CEA7D}.Release|Any CPU.ActiveCfg = Release|Any CPU
		{52F42E86-D5A0-489F-9200-9B03584CEA7D}.Release|Any CPU.Build.0 = Release|Any CPU
		{84812C41-4F62-41CD-B098-05EE7483730D}.Debug|Any CPU.ActiveCfg = Debug|Any CPU
		{84812C41-4F62-41CD-B098-05EE7483730D}.Debug|Any CPU.Build.0 = Debug|Any CPU
		{84812C41-4F62-41CD-B098-05EE7483730D}.Release|Any CPU.ActiveCfg = Release|Any CPU
		{84812C41-4F62-41CD-B098-05EE7483730D}.Release|Any CPU.Build.0 = Release|Any CPU
		{00BBECAD-EA23-4B16-B3A3-1EA907032AD2}.Debug|Any CPU.ActiveCfg = Debug|Any CPU
		{00BBECAD-EA23-4B16-B3A3-1EA907032AD2}.Debug|Any CPU.Build.0 = Debug|Any CPU
		{00BBECAD-EA23-4B16-B3A3-1EA907032AD2}.Release|Any CPU.ActiveCfg = Release|Any CPU
		{00BBECAD-EA23-4B16-B3A3-1EA907032AD2}.Release|Any CPU.Build.0 = Release|Any CPU
		{69D55173-CCBF-4B17-8B1C-F9ED416B6347}.Debug|Any CPU.ActiveCfg = Debug|Any CPU
		{69D55173-CCBF-4B17-8B1C-F9ED416B6347}.Debug|Any CPU.Build.0 = Debug|Any CPU
		{69D55173-CCBF-4B17-8B1C-F9ED416B6347}.Release|Any CPU.ActiveCfg = Release|Any CPU
		{69D55173-CCBF-4B17-8B1C-F9ED416B6347}.Release|Any CPU.Build.0 = Release|Any CPU
		{C689B1DE-E208-4251-8781-C7628595AE1F}.Debug|Any CPU.ActiveCfg = Debug|Any CPU
		{C689B1DE-E208-4251-8781-C7628595AE1F}.Debug|Any CPU.Build.0 = Debug|Any CPU
		{C689B1DE-E208-4251-8781-C7628595AE1F}.Release|Any CPU.ActiveCfg = Release|Any CPU
		{C689B1DE-E208-4251-8781-C7628595AE1F}.Release|Any CPU.Build.0 = Release|Any CPU
		{39C8A818-905C-4F76-8CBE-9C6C9500309A}.Debug|Any CPU.ActiveCfg = Debug|Any CPU
		{39C8A818-905C-4F76-8CBE-9C6C9500309A}.Debug|Any CPU.Build.0 = Debug|Any CPU
		{39C8A818-905C-4F76-8CBE-9C6C9500309A}.Release|Any CPU.ActiveCfg = Release|Any CPU
		{39C8A818-905C-4F76-8CBE-9C6C9500309A}.Release|Any CPU.Build.0 = Release|Any CPU
		{85FF0585-3119-414C-8D86-6DC2B6019AD8}.Debug|Any CPU.ActiveCfg = Debug|Any CPU
		{85FF0585-3119-414C-8D86-6DC2B6019AD8}.Debug|Any CPU.Build.0 = Debug|Any CPU
		{85FF0585-3119-414C-8D86-6DC2B6019AD8}.Release|Any CPU.ActiveCfg = Release|Any CPU
		{85FF0585-3119-414C-8D86-6DC2B6019AD8}.Release|Any CPU.Build.0 = Release|Any CPU
		{82882951-73BC-461A-B0EA-05FB8FB0A9F8}.Debug|Any CPU.ActiveCfg = Debug|Any CPU
		{82882951-73BC-461A-B0EA-05FB8FB0A9F8}.Debug|Any CPU.Build.0 = Debug|Any CPU
		{82882951-73BC-461A-B0EA-05FB8FB0A9F8}.Release|Any CPU.ActiveCfg = Release|Any CPU
		{82882951-73BC-461A-B0EA-05FB8FB0A9F8}.Release|Any CPU.Build.0 = Release|Any CPU
		{35A86B2B-9A9E-48FC-9939-43A721812C5E}.Debug|Any CPU.ActiveCfg = Debug|Any CPU
		{35A86B2B-9A9E-48FC-9939-43A721812C5E}.Debug|Any CPU.Build.0 = Debug|Any CPU
		{35A86B2B-9A9E-48FC-9939-43A721812C5E}.Release|Any CPU.ActiveCfg = Release|Any CPU
		{35A86B2B-9A9E-48FC-9939-43A721812C5E}.Release|Any CPU.Build.0 = Release|Any CPU
		{3FFDC10C-4D8E-4AE4-B0FB-A4E7E89A53AA}.Debug|Any CPU.ActiveCfg = Debug|Any CPU
		{3FFDC10C-4D8E-4AE4-B0FB-A4E7E89A53AA}.Debug|Any CPU.Build.0 = Debug|Any CPU
		{3FFDC10C-4D8E-4AE4-B0FB-A4E7E89A53AA}.Release|Any CPU.ActiveCfg = Release|Any CPU
		{3FFDC10C-4D8E-4AE4-B0FB-A4E7E89A53AA}.Release|Any CPU.Build.0 = Release|Any CPU
		{9F15D244-B839-42A2-A555-0423D93F4A2C}.Debug|Any CPU.ActiveCfg = Debug|Any CPU
		{9F15D244-B839-42A2-A555-0423D93F4A2C}.Debug|Any CPU.Build.0 = Debug|Any CPU
		{9F15D244-B839-42A2-A555-0423D93F4A2C}.Release|Any CPU.ActiveCfg = Release|Any CPU
		{9F15D244-B839-42A2-A555-0423D93F4A2C}.Release|Any CPU.Build.0 = Release|Any CPU
		{F4604888-2190-4C02-AE15-B5C4304466B8}.Debug|Any CPU.ActiveCfg = Debug|Any CPU
		{F4604888-2190-4C02-AE15-B5C4304466B8}.Debug|Any CPU.Build.0 = Debug|Any CPU
		{F4604888-2190-4C02-AE15-B5C4304466B8}.Release|Any CPU.ActiveCfg = Release|Any CPU
		{F4604888-2190-4C02-AE15-B5C4304466B8}.Release|Any CPU.Build.0 = Release|Any CPU
		{4341EED4-CE00-489E-8B35-9C1D2AF3C8B8}.Debug|Any CPU.ActiveCfg = Debug|Any CPU
		{4341EED4-CE00-489E-8B35-9C1D2AF3C8B8}.Debug|Any CPU.Build.0 = Debug|Any CPU
		{4341EED4-CE00-489E-8B35-9C1D2AF3C8B8}.Release|Any CPU.ActiveCfg = Release|Any CPU
		{4341EED4-CE00-489E-8B35-9C1D2AF3C8B8}.Release|Any CPU.Build.0 = Release|Any CPU
		{C957D4C9-D07B-4EEA-997C-A770DB81B463}.Debug|Any CPU.ActiveCfg = Debug|Any CPU
		{C957D4C9-D07B-4EEA-997C-A770DB81B463}.Debug|Any CPU.Build.0 = Debug|Any CPU
		{C957D4C9-D07B-4EEA-997C-A770DB81B463}.Release|Any CPU.ActiveCfg = Release|Any CPU
		{C957D4C9-D07B-4EEA-997C-A770DB81B463}.Release|Any CPU.Build.0 = Release|Any CPU
		{E68636B4-D67F-40B7-9E4F-9C48E96D3ABE}.Debug|Any CPU.ActiveCfg = Debug|Any CPU
		{E68636B4-D67F-40B7-9E4F-9C48E96D3ABE}.Debug|Any CPU.Build.0 = Debug|Any CPU
		{E68636B4-D67F-40B7-9E4F-9C48E96D3ABE}.Release|Any CPU.ActiveCfg = Release|Any CPU
		{E68636B4-D67F-40B7-9E4F-9C48E96D3ABE}.Release|Any CPU.Build.0 = Release|Any CPU
		{CA6C1B74-53E3-4C41-91E0-B996732EF1A0}.Debug|Any CPU.ActiveCfg = Debug|Any CPU
		{CA6C1B74-53E3-4C41-91E0-B996732EF1A0}.Debug|Any CPU.Build.0 = Debug|Any CPU
		{CA6C1B74-53E3-4C41-91E0-B996732EF1A0}.Release|Any CPU.ActiveCfg = Release|Any CPU
		{CA6C1B74-53E3-4C41-91E0-B996732EF1A0}.Release|Any CPU.Build.0 = Release|Any CPU
		{CC4D316E-79BB-47F5-BAE8-988C3F377283}.Debug|Any CPU.ActiveCfg = Debug|Any CPU
		{CC4D316E-79BB-47F5-BAE8-988C3F377283}.Debug|Any CPU.Build.0 = Debug|Any CPU
		{CC4D316E-79BB-47F5-BAE8-988C3F377283}.Release|Any CPU.ActiveCfg = Release|Any CPU
		{CC4D316E-79BB-47F5-BAE8-988C3F377283}.Release|Any CPU.Build.0 = Release|Any CPU
		{B26B62E7-FE51-4327-A39D-FDC9DC602C37}.Debug|Any CPU.ActiveCfg = Debug|Any CPU
		{B26B62E7-FE51-4327-A39D-FDC9DC602C37}.Debug|Any CPU.Build.0 = Debug|Any CPU
		{B26B62E7-FE51-4327-A39D-FDC9DC602C37}.Release|Any CPU.ActiveCfg = Release|Any CPU
		{B26B62E7-FE51-4327-A39D-FDC9DC602C37}.Release|Any CPU.Build.0 = Release|Any CPU
		{2E48F73A-E932-4FE9-8467-A74D22C3D799}.Debug|Any CPU.ActiveCfg = Debug|Any CPU
		{2E48F73A-E932-4FE9-8467-A74D22C3D799}.Debug|Any CPU.Build.0 = Debug|Any CPU
		{2E48F73A-E932-4FE9-8467-A74D22C3D799}.Release|Any CPU.ActiveCfg = Release|Any CPU
		{2E48F73A-E932-4FE9-8467-A74D22C3D799}.Release|Any CPU.Build.0 = Release|Any CPU
		{9F99AF97-478D-4E8A-99E9-C8A0D353679D}.Debug|Any CPU.ActiveCfg = Debug|Any CPU
		{9F99AF97-478D-4E8A-99E9-C8A0D353679D}.Debug|Any CPU.Build.0 = Debug|Any CPU
		{9F99AF97-478D-4E8A-99E9-C8A0D353679D}.Release|Any CPU.ActiveCfg = Release|Any CPU
		{9F99AF97-478D-4E8A-99E9-C8A0D353679D}.Release|Any CPU.Build.0 = Release|Any CPU
		{FA687BAA-C740-4C1C-85F4-435004E0DF63}.Debug|Any CPU.ActiveCfg = Debug|Any CPU
		{FA687BAA-C740-4C1C-85F4-435004E0DF63}.Debug|Any CPU.Build.0 = Debug|Any CPU
		{FA687BAA-C740-4C1C-85F4-435004E0DF63}.Release|Any CPU.ActiveCfg = Release|Any CPU
		{FA687BAA-C740-4C1C-85F4-435004E0DF63}.Release|Any CPU.Build.0 = Release|Any CPU
		{7EF4DB06-7DE1-4753-A810-7D0B2E7B54CB}.Debug|Any CPU.ActiveCfg = Debug|Any CPU
		{7EF4DB06-7DE1-4753-A810-7D0B2E7B54CB}.Debug|Any CPU.Build.0 = Debug|Any CPU
		{7EF4DB06-7DE1-4753-A810-7D0B2E7B54CB}.Release|Any CPU.ActiveCfg = Release|Any CPU
		{7EF4DB06-7DE1-4753-A810-7D0B2E7B54CB}.Release|Any CPU.Build.0 = Release|Any CPU
		{B04AB88D-C126-49B9-A2CE-FFFEF8E2FF2D}.Debug|Any CPU.ActiveCfg = Debug|Any CPU
		{B04AB88D-C126-49B9-A2CE-FFFEF8E2FF2D}.Debug|Any CPU.Build.0 = Debug|Any CPU
		{B04AB88D-C126-49B9-A2CE-FFFEF8E2FF2D}.Release|Any CPU.ActiveCfg = Release|Any CPU
		{B04AB88D-C126-49B9-A2CE-FFFEF8E2FF2D}.Release|Any CPU.Build.0 = Release|Any CPU
	EndGlobalSection
	GlobalSection(SolutionProperties) = preSolution
		HideSolutionNode = FALSE
	EndGlobalSection
	GlobalSection(ExtensibilityGlobals) = postSolution
		SolutionGuid = {FDD698F4-3C54-40DC-9321-1AAB7855FF37}
	EndGlobalSection
EndGlobal
